
Microsoft Visual Studio Solution File, Format Version 12.00
# Visual Studio Version 17
VisualStudioVersion = 17.8.34330.188
MinimumVisualStudioVersion = 10.0.40219.1
Project("{9A19103F-16F7-4668-BE54-9A1E7A4F7556}") = "ZenithCheckout", "ZenithCheckout\ZenithCheckout.csproj", "{0794CE30-2245-4A61-9C4C-5DA1B249C04E}"
EndProject
Project("{FAE04EC0-301F-11D3-BF4B-00C04F79EFBC}") = "ZenithCheckoutTest", "ZenithCheckoutTest\ZenithCheckoutTest.csproj", "{08D84FAE-AE61-4A03-8C13-081A82B5178B}"
EndProject
Global
	GlobalSection(SolutionConfigurationPlatforms) = preSolution
		Debug|Any CPU = Debug|Any CPU
		Release|Any CPU = Release|Any CPU
	EndGlobalSection
	GlobalSection(ProjectConfigurationPlatforms) = postSolution
		{0794CE30-2245-4A61-9C4C-5DA1B249C04E}.Debug|Any CPU.ActiveCfg = Debug|Any CPU
		{0794CE30-2245-4A61-9C4C-5DA1B249C04E}.Debug|Any CPU.Build.0 = Debug|Any CPU
		{0794CE30-2245-4A61-9C4C-5DA1B249C04E}.Release|Any CPU.ActiveCfg = Release|Any CPU
		{0794CE30-2245-4A61-9C4C-5DA1B249C04E}.Release|Any CPU.Build.0 = Release|Any CPU
		{08D84FAE-AE61-4A03-8C13-081A82B5178B}.Debug|Any CPU.ActiveCfg = Debug|Any CPU
		{08D84FAE-AE61-4A03-8C13-081A82B5178B}.Debug|Any CPU.Build.0 = Debug|Any CPU
		{08D84FAE-AE61-4A03-8C13-081A82B5178B}.Release|Any CPU.ActiveCfg = Release|Any CPU
		{08D84FAE-AE61-4A03-8C13-081A82B5178B}.Release|Any CPU.Build.0 = Release|Any CPU
	EndGlobalSection
	GlobalSection(SolutionProperties) = preSolution
		HideSolutionNode = FALSE
	EndGlobalSection
	GlobalSection(ExtensibilityGlobals) = postSolution
		SolutionGuid = {FF2B5711-90BC-4F54-9994-CF349A3AA788}
	EndGlobalSection
EndGlobal
